
Microsoft Visual Studio Solution File, Format Version 12.00
# Visual Studio 15
VisualStudioVersion = 15.0.28307.421
MinimumVisualStudioVersion = 10.0.40219.1
Project("{FAE04EC0-301F-11D3-BF4B-00C04F79EFBC}") = "Mesa03", "Mesa03\Mesa03.csproj", "{CAF6A0ED-9262-4029-8902-FFC64A33906D}"
EndProject
Global
	GlobalSection(SolutionConfigurationPlatforms) = preSolution
		Debug|Any CPU = Debug|Any CPU
		Release|Any CPU = Release|Any CPU
	EndGlobalSection
	GlobalSection(ProjectConfigurationPlatforms) = postSolution
		{CAF6A0ED-9262-4029-8902-FFC64A33906D}.Debug|Any CPU.ActiveCfg = Debug|Any CPU
		{CAF6A0ED-9262-4029-8902-FFC64A33906D}.Debug|Any CPU.Build.0 = Debug|Any CPU
		{CAF6A0ED-9262-4029-8902-FFC64A33906D}.Release|Any CPU.ActiveCfg = Release|Any CPU
		{CAF6A0ED-9262-4029-8902-FFC64A33906D}.Release|Any CPU.Build.0 = Release|Any CPU
	EndGlobalSection
	GlobalSection(SolutionProperties) = preSolution
		HideSolutionNode = FALSE
	EndGlobalSection
	GlobalSection(ExtensibilityGlobals) = postSolution
		SolutionGuid = {6DE93F54-D50F-4243-863E-E6B937769B5B}
	EndGlobalSection
EndGlobal
